
Microsoft Visual Studio Solution File, Format Version 12.00
# Visual Studio Version 17
VisualStudioVersion = 17.9.34728.123
MinimumVisualStudioVersion = 10.0.40219.1
Project("{FAE04EC0-301F-11D3-BF4B-00C04F79EFBC}") = "Farmtech-WEB", "Farmtech-WEB.csproj", "{BE102B35-D4D6-4DFF-800C-2183DD9F4D42}"
EndProject
Global
	GlobalSection(SolutionConfigurationPlatforms) = preSolution
		Debug|Any CPU = Debug|Any CPU
		Release|Any CPU = Release|Any CPU
	EndGlobalSection
	GlobalSection(ProjectConfigurationPlatforms) = postSolution
		{BE102B35-D4D6-4DFF-800C-2183DD9F4D42}.Debug|Any CPU.ActiveCfg = Debug|Any CPU
		{BE102B35-D4D6-4DFF-800C-2183DD9F4D42}.Debug|Any CPU.Build.0 = Debug|Any CPU
		{BE102B35-D4D6-4DFF-800C-2183DD9F4D42}.Release|Any CPU.ActiveCfg = Release|Any CPU
		{BE102B35-D4D6-4DFF-800C-2183DD9F4D42}.Release|Any CPU.Build.0 = Release|Any CPU
	EndGlobalSection
	GlobalSection(SolutionProperties) = preSolution
		HideSolutionNode = FALSE
	EndGlobalSection
	GlobalSection(ExtensibilityGlobals) = postSolution
		SolutionGuid = {A451E3BA-DCA3-48EB-8754-BE92E2731ADE}
	EndGlobalSection
EndGlobal
